
Microsoft Visual Studio Solution File, Format Version 12.00
# Visual Studio Version 16
VisualStudioVersion = 16.6.30114.105
MinimumVisualStudioVersion = 10.0.40219.1
Project("{FAE04EC0-301F-11D3-BF4B-00C04F79EFBC}") = "WorkoutTracker.Api", "WorkoutTracker.Api\WorkoutTracker.Api.csproj", "{DEB9C190-77F4-4C73-9498-E98C571B5946}"
EndProject
Project("{FAE04EC0-301F-11D3-BF4B-00C04F79EFBC}") = "WorkoutTracker.Tests", "WorkoutTracker.Tests\WorkoutTracker.Tests.csproj", "{30E74CED-6008-4695-A9E3-CC809DB4E382}"
EndProject
Global
	GlobalSection(SolutionConfigurationPlatforms) = preSolution
		Debug|Any CPU = Debug|Any CPU
		Debug|x64 = Debug|x64
		Debug|x86 = Debug|x86
		Release|Any CPU = Release|Any CPU
		Release|x64 = Release|x64
		Release|x86 = Release|x86
	EndGlobalSection
	GlobalSection(SolutionProperties) = preSolution
		HideSolutionNode = FALSE
	EndGlobalSection
	GlobalSection(ProjectConfigurationPlatforms) = postSolution
		{DEB9C190-77F4-4C73-9498-E98C571B5946}.Debug|Any CPU.ActiveCfg = Debug|Any CPU
		{DEB9C190-77F4-4C73-9498-E98C571B5946}.Debug|Any CPU.Build.0 = Debug|Any CPU
		{DEB9C190-77F4-4C73-9498-E98C571B5946}.Debug|x64.ActiveCfg = Debug|Any CPU
		{DEB9C190-77F4-4C73-9498-E98C571B5946}.Debug|x64.Build.0 = Debug|Any CPU
		{DEB9C190-77F4-4C73-9498-E98C571B5946}.Debug|x86.ActiveCfg = Debug|Any CPU
		{DEB9C190-77F4-4C73-9498-E98C571B5946}.Debug|x86.Build.0 = Debug|Any CPU
		{DEB9C190-77F4-4C73-9498-E98C571B5946}.Release|Any CPU.ActiveCfg = Release|Any CPU
		{DEB9C190-77F4-4C73-9498-E98C571B5946}.Release|Any CPU.Build.0 = Release|Any CPU
		{DEB9C190-77F4-4C73-9498-E98C571B5946}.Release|x64.ActiveCfg = Release|Any CPU
		{DEB9C190-77F4-4C73-9498-E98C571B5946}.Release|x64.Build.0 = Release|Any CPU
		{DEB9C190-77F4-4C73-9498-E98C571B5946}.Release|x86.ActiveCfg = Release|Any CPU
		{DEB9C190-77F4-4C73-9498-E98C571B5946}.Release|x86.Build.0 = Release|Any CPU
		{30E74CED-6008-4695-A9E3-CC809DB4E382}.Debug|Any CPU.ActiveCfg = Debug|Any CPU
		{30E74CED-6008-4695-A9E3-CC809DB4E382}.Debug|Any CPU.Build.0 = Debug|Any CPU
		{30E74CED-6008-4695-A9E3-CC809DB4E382}.Debug|x64.ActiveCfg = Debug|Any CPU
		{30E74CED-6008-4695-A9E3-CC809DB4E382}.Debug|x64.Build.0 = Debug|Any CPU
		{30E74CED-6008-4695-A9E3-CC809DB4E382}.Debug|x86.ActiveCfg = Debug|Any CPU
		{30E74CED-6008-4695-A9E3-CC809DB4E382}.Debug|x86.Build.0 = Debug|Any CPU
		{30E74CED-6008-4695-A9E3-CC809DB4E382}.Release|Any CPU.ActiveCfg = Release|Any CPU
		{30E74CED-6008-4695-A9E3-CC809DB4E382}.Release|Any CPU.Build.0 = Release|Any CPU
		{30E74CED-6008-4695-A9E3-CC809DB4E382}.Release|x64.ActiveCfg = Release|Any CPU
		{30E74CED-6008-4695-A9E3-CC809DB4E382}.Release|x64.Build.0 = Release|Any CPU
		{30E74CED-6008-4695-A9E3-CC809DB4E382}.Release|x86.ActiveCfg = Release|Any CPU
		{30E74CED-6008-4695-A9E3-CC809DB4E382}.Release|x86.Build.0 = Release|Any CPU
	EndGlobalSection
EndGlobal
